// !$*UTF8*$!
{
	archiveVersion = 1;
	classes = {
	};
	objectVersion = 50;
	objects = {

/* Begin PBXBuildFile section */
		000C99B224289AC600383265 /* fishing_grass1.png in Resources */ = {isa = PBXBuildFile; fileRef = 000C999B24289AC600383265 /* fishing_grass1.png */; };
		000C99B324289AC600383265 /* fishing_clock.png in Resources */ = {isa = PBXBuildFile; fileRef = 000C999C24289AC600383265 /* fishing_clock.png */; };
		000C99B424289AC600383265 /* fishing_grass3.png in Resources */ = {isa = PBXBuildFile; fileRef = 000C999D24289AC600383265 /* fishing_grass3.png */; };
		000C99B524289AC600383265 /* fishing_grass2.png in Resources */ = {isa = PBXBuildFile; fileRef = 000C999E24289AC600383265 /* fishing_grass2.png */; };
		000C99B624289AC600383265 /* fishing_grass6.png in Resources */ = {isa = PBXBuildFile; fileRef = 000C999F24289AC600383265 /* fishing_grass6.png */; };
		000C99B724289AC600383265 /* fishing_grass7.png in Resources */ = {isa = PBXBuildFile; fileRef = 000C99A024289AC600383265 /* fishing_grass7.png */; };
		000C99B824289AC600383265 /* fishing_grass5.png in Resources */ = {isa = PBXBuildFile; fileRef = 000C99A124289AC600383265 /* fishing_grass5.png */; };
		000C99B924289AC600383265 /* fishing_grass4.png in Resources */ = {isa = PBXBuildFile; fileRef = 000C99A224289AC600383265 /* fishing_grass4.png */; };
		000C99BA24289AC600383265 /* fishing_panel_bg.png in Resources */ = {isa = PBXBuildFile; fileRef = 000C99A324289AC600383265 /* fishing_panel_bg.png */; };
		000C99BB24289AC600383265 /* fishing_bg_bottom.png in Resources */ = {isa = PBXBuildFile; fileRef = 000C99A424289AC600383265 /* fishing_bg_bottom.png */; };
		000C99BC24289AC600383265 /* fishing_hock.png in Resources */ = {isa = PBXBuildFile; fileRef = 000C99A524289AC600383265 /* fishing_hock.png */; };
		000C99BD24289AC600383265 /* fishing_score_star.png in Resources */ = {isa = PBXBuildFile; fileRef = 000C99A624289AC600383265 /* fishing_score_star.png */; };
		000C99BE24289AC600383265 /* fishing_btn_next_up.png in Resources */ = {isa = PBXBuildFile; fileRef = 000C99A724289AC600383265 /* fishing_btn_next_up.png */; };
		000C99BF24289AC600383265 /* fishing_bg_score.png in Resources */ = {isa = PBXBuildFile; fileRef = 000C99A824289AC600383265 /* fishing_bg_score.png */; };
		000C99C024289AC600383265 /* fishing_score_ask.png in Resources */ = {isa = PBXBuildFile; fileRef = 000C99A924289AC600383265 /* fishing_score_ask.png */; };
		000C99C124289AC600383265 /* fishing_btn_start_up.png in Resources */ = {isa = PBXBuildFile; fileRef = 000C99AA24289AC600383265 /* fishing_btn_start_up.png */; };
		000C99C224289AC600383265 /* fishing_grass8.png in Resources */ = {isa = PBXBuildFile; fileRef = 000C99AB24289AC600383265 /* fishing_grass8.png */; };
		000C99C324289AC600383265 /* fishing_fish6.png in Resources */ = {isa = PBXBuildFile; fileRef = 000C99AC24289AC600383265 /* fishing_fish6.png */; };
		000C99C424289AC600383265 /* fishing_fish4.png in Resources */ = {isa = PBXBuildFile; fileRef = 000C99AD24289AC600383265 /* fishing_fish4.png */; };
		000C99C524289AC600383265 /* fishing_fish5.png in Resources */ = {isa = PBXBuildFile; fileRef = 000C99AE24289AC600383265 /* fishing_fish5.png */; };
		000C99C624289AC600383265 /* fishing_fish1.png in Resources */ = {isa = PBXBuildFile; fileRef = 000C99AF24289AC600383265 /* fishing_fish1.png */; };
		000C99C724289AC600383265 /* fishing_fish2.png in Resources */ = {isa = PBXBuildFile; fileRef = 000C99B024289AC600383265 /* fishing_fish2.png */; };
		000C99C824289AC600383265 /* fishing_fish3.png in Resources */ = {isa = PBXBuildFile; fileRef = 000C99B124289AC600383265 /* fishing_fish3.png */; };
		000C99CB24289B3C00383265 /* fishing_bg.png in Resources */ = {isa = PBXBuildFile; fileRef = 000C99C924289B3C00383265 /* fishing_bg.png */; };
		000C99CC24289B3C00383265 /* fishing_foreground.png in Resources */ = {isa = PBXBuildFile; fileRef = 000C99CA24289B3C00383265 /* fishing_foreground.png */; };
		000C99D524289BA300383265 /* fishing_rabbit_h.png in Resources */ = {isa = PBXBuildFile; fileRef = 000C99CE24289BA300383265 /* fishing_rabbit_h.png */; };
		000C99D624289BA300383265 /* fishing_pole.png in Resources */ = {isa = PBXBuildFile; fileRef = 000C99CF24289BA300383265 /* fishing_pole.png */; };
		000C99D724289BA300383265 /* fishing_basket.png in Resources */ = {isa = PBXBuildFile; fileRef = 000C99D024289BA300383265 /* fishing_basket.png */; };
		000C99D824289BA300383265 /* fishing_rabbit_b.png in Resources */ = {isa = PBXBuildFile; fileRef = 000C99D124289BA300383265 /* fishing_rabbit_b.png */; };
		000C99D924289BA300383265 /* fishing_rabbit_s.png in Resources */ = {isa = PBXBuildFile; fileRef = 000C99D224289BA300383265 /* fishing_rabbit_s.png */; };
		000C99DA24289BA300383265 /* fishing_rabbit_boat.png in Resources */ = {isa = PBXBuildFile; fileRef = 000C99D324289BA300383265 /* fishing_rabbit_boat.png */; };
		000C99DB24289BA300383265 /* fishing_rabbit_f.png in Resources */ = {isa = PBXBuildFile; fileRef = 000C99D424289BA300383265 /* fishing_rabbit_f.png */; };
		001EE0DD242C8E3A00CF1B84 /* TimerManager.m in Sources */ = {isa = PBXBuildFile; fileRef = 001EE0DC242C8E3A00CF1B84 /* TimerManager.m */; };
		00619C48243365A0001F5CF2 /* MathsUtils.m in Sources */ = {isa = PBXBuildFile; fileRef = 00619C47243365A0001F5CF2 /* MathsUtils.m */; };
		0071358F2431A46C00B213E3 /* GSimpleButton.m in Sources */ = {isa = PBXBuildFile; fileRef = 0071358E2431A46C00B213E3 /* GSimpleButton.m */; };
		0071359224321D1B00B213E3 /* GameFishingIns.m in Sources */ = {isa = PBXBuildFile; fileRef = 0071359124321D1B00B213E3 /* GameFishingIns.m */; };
		0071359524321D9F00B213E3 /* GameFishingModel.m in Sources */ = {isa = PBXBuildFile; fileRef = 0071359424321D9F00B213E3 /* GameFishingModel.m */; };
		0084B4932424F160008B7B11 /* AppDelegate.m in Sources */ = {isa = PBXBuildFile; fileRef = 0084B4922424F160008B7B11 /* AppDelegate.m */; };
		0084B4952424F160008B7B11 /* GameScene.sks in Resources */ = {isa = PBXBuildFile; fileRef = 0084B4942424F160008B7B11 /* GameScene.sks */; };
		0084B4972424F160008B7B11 /* Actions.sks in Resources */ = {isa = PBXBuildFile; fileRef = 0084B4962424F160008B7B11 /* Actions.sks */; };
		0084B49A2424F160008B7B11 /* GameScene.m in Sources */ = {isa = PBXBuildFile; fileRef = 0084B4992424F160008B7B11 /* GameScene.m */; };
		0084B49D2424F160008B7B11 /* GameViewController.m in Sources */ = {isa = PBXBuildFile; fileRef = 0084B49C2424F160008B7B11 /* GameViewController.m */; };
		0084B4A02424F160008B7B11 /* Main.storyboard in Resources */ = {isa = PBXBuildFile; fileRef = 0084B49E2424F160008B7B11 /* Main.storyboard */; };
		0084B4A22424F166008B7B11 /* Assets.xcassets in Resources */ = {isa = PBXBuildFile; fileRef = 0084B4A12424F166008B7B11 /* Assets.xcassets */; };
		0084B4A52424F166008B7B11 /* LaunchScreen.storyboard in Resources */ = {isa = PBXBuildFile; fileRef = 0084B4A32424F166008B7B11 /* LaunchScreen.storyboard */; };
		0084B4A82424F166008B7B11 /* main.m in Sources */ = {isa = PBXBuildFile; fileRef = 0084B4A72424F166008B7B11 /* main.m */; };
		0084B4B22424F166008B7B11 /* fishingTests.m in Sources */ = {isa = PBXBuildFile; fileRef = 0084B4B12424F166008B7B11 /* fishingTests.m */; };
		0084B4BD2424F166008B7B11 /* fishingUITests.m in Sources */ = {isa = PBXBuildFile; fileRef = 0084B4BC2424F166008B7B11 /* fishingUITests.m */; };
		009E123E242B325F0013EEAB /* ScrollImage.m in Sources */ = {isa = PBXBuildFile; fileRef = 009E123D242B325F0013EEAB /* ScrollImage.m */; };
		009E1243242B80C10013EEAB /* DisplayUtils.m in Sources */ = {isa = PBXBuildFile; fileRef = 009E1242242B80C10013EEAB /* DisplayUtils.m */; };
		00B7247B2435984E0062C683 /* fishing_rabbit_img.png in Resources */ = {isa = PBXBuildFile; fileRef = 00B7247A2435984E0062C683 /* fishing_rabbit_img.png */; };
		00B7247E243599580062C683 /* GameRabbit.m in Sources */ = {isa = PBXBuildFile; fileRef = 00B7247D243599580062C683 /* GameRabbit.m */; };
		00B724812435C21D0062C683 /* GameFishingHook.m in Sources */ = {isa = PBXBuildFile; fileRef = 00B724802435C21D0062C683 /* GameFishingHook.m */; };
		00C10DED242E200D008C0F94 /* GameEntrance.sks in Resources */ = {isa = PBXBuildFile; fileRef = 00C10DEC242E200D008C0F94 /* GameEntrance.sks */; };
		00C10DF2242E2869008C0F94 /* GameEntrance.m in Sources */ = {isa = PBXBuildFile; fileRef = 00C10DF1242E2869008C0F94 /* GameEntrance.m */; };
/* End PBXBuildFile section */

/* Begin PBXContainerItemProxy section */
		0084B4AE2424F166008B7B11 /* PBXContainerItemProxy */ = {
			isa = PBXContainerItemProxy;
			containerPortal = 0084B4862424F160008B7B11 /* Project object */;
			proxyType = 1;
			remoteGlobalIDString = 0084B48D2424F160008B7B11;
			remoteInfo = fishing;
		};
		0084B4B92424F166008B7B11 /* PBXContainerItemProxy */ = {
			isa = PBXContainerItemProxy;
			containerPortal = 0084B4862424F160008B7B11 /* Project object */;
			proxyType = 1;
			remoteGlobalIDString = 0084B48D2424F160008B7B11;
			remoteInfo = fishing;
		};
/* End PBXContainerItemProxy section */

/* Begin PBXFileReference section */
		000C999B24289AC600383265 /* fishing_grass1.png */ = {isa = PBXFileReference; lastKnownFileType = image.png; path = fishing_grass1.png; sourceTree = "<group>"; };
		000C999C24289AC600383265 /* fishing_clock.png */ = {isa = PBXFileReference; lastKnownFileType = image.png; path = fishing_clock.png; sourceTree = "<group>"; };
		000C999D24289AC600383265 /* fishing_grass3.png */ = {isa = PBXFileReference; lastKnownFileType = image.png; path = fishing_grass3.png; sourceTree = "<group>"; };
		000C999E24289AC600383265 /* fishing_grass2.png */ = {isa = PBXFileReference; lastKnownFileType = image.png; path = fishing_grass2.png; sourceTree = "<group>"; };
		000C999F24289AC600383265 /* fishing_grass6.png */ = {isa = PBXFileReference; lastKnownFileType = image.png; path = fishing_grass6.png; sourceTree = "<group>"; };
		000C99A024289AC600383265 /* fishing_grass7.png */ = {isa = PBXFileReference; lastKnownFileType = image.png; path = fishing_grass7.png; sourceTree = "<group>"; };
		000C99A124289AC600383265 /* fishing_grass5.png */ = {isa = PBXFileReference; lastKnownFileType = image.png; path = fishing_grass5.png; sourceTree = "<group>"; };
		000C99A224289AC600383265 /* fishing_grass4.png */ = {isa = PBXFileReference; lastKnownFileType = image.png; path = fishing_grass4.png; sourceTree = "<group>"; };
		000C99A324289AC600383265 /* fishing_panel_bg.png */ = {isa = PBXFileReference; lastKnownFileType = image.png; path = fishing_panel_bg.png; sourceTree = "<group>"; };
		000C99A424289AC600383265 /* fishing_bg_bottom.png */ = {isa = PBXFileReference; lastKnownFileType = image.png; path = fishing_bg_bottom.png; sourceTree = "<group>"; };
		000C99A524289AC600383265 /* fishing_hock.png */ = {isa = PBXFileReference; lastKnownFileType = image.png; path = fishing_hock.png; sourceTree = "<group>"; };
		000C99A624289AC600383265 /* fishing_score_star.png */ = {isa = PBXFileReference; lastKnownFileType = image.png; path = fishing_score_star.png; sourceTree = "<group>"; };
		000C99A724289AC600383265 /* fishing_btn_next_up.png */ = {isa = PBXFileReference; lastKnownFileType = image.png; path = fishing_btn_next_up.png; sourceTree = "<group>"; };
		000C99A824289AC600383265 /* fishing_bg_score.png */ = {isa = PBXFileReference; lastKnownFileType = image.png; path = fishing_bg_score.png; sourceTree = "<group>"; };
		000C99A924289AC600383265 /* fishing_score_ask.png */ = {isa = PBXFileReference; lastKnownFileType = image.png; path = fishing_score_ask.png; sourceTree = "<group>"; };
		000C99AA24289AC600383265 /* fishing_btn_start_up.png */ = {isa = PBXFileReference; lastKnownFileType = image.png; path = fishing_btn_start_up.png; sourceTree = "<group>"; };
		000C99AB24289AC600383265 /* fishing_grass8.png */ = {isa = PBXFileReference; lastKnownFileType = image.png; path = fishing_grass8.png; sourceTree = "<group>"; };
		000C99AC24289AC600383265 /* fishing_fish6.png */ = {isa = PBXFileReference; lastKnownFileType = image.png; path = fishing_fish6.png; sourceTree = "<group>"; };
		000C99AD24289AC600383265 /* fishing_fish4.png */ = {isa = PBXFileReference; lastKnownFileType = image.png; path = fishing_fish4.png; sourceTree = "<group>"; };
		000C99AE24289AC600383265 /* fishing_fish5.png */ = {isa = PBXFileReference; lastKnownFileType = image.png; path = fishing_fish5.png; sourceTree = "<group>"; };
		000C99AF24289AC600383265 /* fishing_fish1.png */ = {isa = PBXFileReference; lastKnownFileType = image.png; path = fishing_fish1.png; sourceTree = "<group>"; };
		000C99B024289AC600383265 /* fishing_fish2.png */ = {isa = PBXFileReference; lastKnownFileType = image.png; path = fishing_fish2.png; sourceTree = "<group>"; };
		000C99B124289AC600383265 /* fishing_fish3.png */ = {isa = PBXFileReference; lastKnownFileType = image.png; path = fishing_fish3.png; sourceTree = "<group>"; };
		000C99C924289B3C00383265 /* fishing_bg.png */ = {isa = PBXFileReference; lastKnownFileType = image.png; path = fishing_bg.png; sourceTree = "<group>"; };
		000C99CA24289B3C00383265 /* fishing_foreground.png */ = {isa = PBXFileReference; lastKnownFileType = image.png; path = fishing_foreground.png; sourceTree = "<group>"; };
		000C99CE24289BA300383265 /* fishing_rabbit_h.png */ = {isa = PBXFileReference; lastKnownFileType = image.png; path = fishing_rabbit_h.png; sourceTree = "<group>"; };
		000C99CF24289BA300383265 /* fishing_pole.png */ = {isa = PBXFileReference; lastKnownFileType = image.png; path = fishing_pole.png; sourceTree = "<group>"; };
		000C99D024289BA300383265 /* fishing_basket.png */ = {isa = PBXFileReference; lastKnownFileType = image.png; path = fishing_basket.png; sourceTree = "<group>"; };
		000C99D124289BA300383265 /* fishing_rabbit_b.png */ = {isa = PBXFileReference; lastKnownFileType = image.png; path = fishing_rabbit_b.png; sourceTree = "<group>"; };
		000C99D224289BA300383265 /* fishing_rabbit_s.png */ = {isa = PBXFileReference; lastKnownFileType = image.png; path = fishing_rabbit_s.png; sourceTree = "<group>"; };
		000C99D324289BA300383265 /* fishing_rabbit_boat.png */ = {isa = PBXFileReference; lastKnownFileType = image.png; path = fishing_rabbit_boat.png; sourceTree = "<group>"; };
		000C99D424289BA300383265 /* fishing_rabbit_f.png */ = {isa = PBXFileReference; lastKnownFileType = image.png; path = fishing_rabbit_f.png; sourceTree = "<group>"; };
		001EE0DB242C8E3A00CF1B84 /* TimerManager.h */ = {isa = PBXFileReference; lastKnownFileType = sourcecode.c.h; path = TimerManager.h; sourceTree = "<group>"; };
		001EE0DC242C8E3A00CF1B84 /* TimerManager.m */ = {isa = PBXFileReference; lastKnownFileType = sourcecode.c.objc; path = TimerManager.m; sourceTree = "<group>"; };
		00619C46243365A0001F5CF2 /* MathsUtils.h */ = {isa = PBXFileReference; lastKnownFileType = sourcecode.c.h; path = MathsUtils.h; sourceTree = "<group>"; };
		00619C47243365A0001F5CF2 /* MathsUtils.m */ = {isa = PBXFileReference; lastKnownFileType = sourcecode.c.objc; path = MathsUtils.m; sourceTree = "<group>"; };
		0071358D2431A46C00B213E3 /* GSimpleButton.h */ = {isa = PBXFileReference; lastKnownFileType = sourcecode.c.h; path = GSimpleButton.h; sourceTree = "<group>"; };
		0071358E2431A46C00B213E3 /* GSimpleButton.m */ = {isa = PBXFileReference; lastKnownFileType = sourcecode.c.objc; path = GSimpleButton.m; sourceTree = "<group>"; };
		0071359024321D1B00B213E3 /* GameFishingIns.h */ = {isa = PBXFileReference; lastKnownFileType = sourcecode.c.h; path = GameFishingIns.h; sourceTree = "<group>"; };
		0071359124321D1B00B213E3 /* GameFishingIns.m */ = {isa = PBXFileReference; lastKnownFileType = sourcecode.c.objc; path = GameFishingIns.m; sourceTree = "<group>"; };
		0071359324321D9F00B213E3 /* GameFishingModel.h */ = {isa = PBXFileReference; lastKnownFileType = sourcecode.c.h; path = GameFishingModel.h; sourceTree = "<group>"; };
		0071359424321D9F00B213E3 /* GameFishingModel.m */ = {isa = PBXFileReference; lastKnownFileType = sourcecode.c.objc; path = GameFishingModel.m; sourceTree = "<group>"; };
		0084B48E2424F160008B7B11 /* fishing.app */ = {isa = PBXFileReference; explicitFileType = wrapper.application; includeInIndex = 0; path = fishing.app; sourceTree = BUILT_PRODUCTS_DIR; };
		0084B4912424F160008B7B11 /* AppDelegate.h */ = {isa = PBXFileReference; lastKnownFileType = sourcecode.c.h; path = AppDelegate.h; sourceTree = "<group>"; };
		0084B4922424F160008B7B11 /* AppDelegate.m */ = {isa = PBXFileReference; lastKnownFileType = sourcecode.c.objc; path = AppDelegate.m; sourceTree = "<group>"; };
		0084B4942424F160008B7B11 /* GameScene.sks */ = {isa = PBXFileReference; lastKnownFileType = file.sks; path = GameScene.sks; sourceTree = "<group>"; };
		0084B4962424F160008B7B11 /* Actions.sks */ = {isa = PBXFileReference; lastKnownFileType = file.sks; path = Actions.sks; sourceTree = "<group>"; };
		0084B4982424F160008B7B11 /* GameScene.h */ = {isa = PBXFileReference; lastKnownFileType = sourcecode.c.h; path = GameScene.h; sourceTree = "<group>"; };
		0084B4992424F160008B7B11 /* GameScene.m */ = {isa = PBXFileReference; lastKnownFileType = sourcecode.c.objc; path = GameScene.m; sourceTree = "<group>"; };
		0084B49B2424F160008B7B11 /* GameViewController.h */ = {isa = PBXFileReference; lastKnownFileType = sourcecode.c.h; path = GameViewController.h; sourceTree = "<group>"; };
		0084B49C2424F160008B7B11 /* GameViewController.m */ = {isa = PBXFileReference; lastKnownFileType = sourcecode.c.objc; path = GameViewController.m; sourceTree = "<group>"; };
		0084B49F2424F160008B7B11 /* Base */ = {isa = PBXFileReference; lastKnownFileType = file.storyboard; name = Base; path = Base.lproj/Main.storyboard; sourceTree = "<group>"; };
		0084B4A12424F166008B7B11 /* Assets.xcassets */ = {isa = PBXFileReference; lastKnownFileType = folder.assetcatalog; path = Assets.xcassets; sourceTree = "<group>"; };
		0084B4A42424F166008B7B11 /* Base */ = {isa = PBXFileReference; lastKnownFileType = file.storyboard; name = Base; path = Base.lproj/LaunchScreen.storyboard; sourceTree = "<group>"; };
		0084B4A62424F166008B7B11 /* Info.plist */ = {isa = PBXFileReference; lastKnownFileType = text.plist.xml; path = Info.plist; sourceTree = "<group>"; };
		0084B4A72424F166008B7B11 /* main.m */ = {isa = PBXFileReference; lastKnownFileType = sourcecode.c.objc; path = main.m; sourceTree = "<group>"; };
		0084B4AD2424F166008B7B11 /* fishingTests.xctest */ = {isa = PBXFileReference; explicitFileType = wrapper.cfbundle; includeInIndex = 0; path = fishingTests.xctest; sourceTree = BUILT_PRODUCTS_DIR; };
		0084B4B12424F166008B7B11 /* fishingTests.m */ = {isa = PBXFileReference; lastKnownFileType = sourcecode.c.objc; path = fishingTests.m; sourceTree = "<group>"; };
		0084B4B32424F166008B7B11 /* Info.plist */ = {isa = PBXFileReference; lastKnownFileType = text.plist.xml; path = Info.plist; sourceTree = "<group>"; };
		0084B4B82424F166008B7B11 /* fishingUITests.xctest */ = {isa = PBXFileReference; explicitFileType = wrapper.cfbundle; includeInIndex = 0; path = fishingUITests.xctest; sourceTree = BUILT_PRODUCTS_DIR; };
		0084B4BC2424F166008B7B11 /* fishingUITests.m */ = {isa = PBXFileReference; lastKnownFileType = sourcecode.c.objc; path = fishingUITests.m; sourceTree = "<group>"; };
		0084B4BE2424F166008B7B11 /* Info.plist */ = {isa = PBXFileReference; lastKnownFileType = text.plist.xml; path = Info.plist; sourceTree = "<group>"; };
		009E123C242B325F0013EEAB /* ScrollImage.h */ = {isa = PBXFileReference; lastKnownFileType = sourcecode.c.h; path = ScrollImage.h; sourceTree = "<group>"; };
		009E123D242B325F0013EEAB /* ScrollImage.m */ = {isa = PBXFileReference; lastKnownFileType = sourcecode.c.objc; path = ScrollImage.m; sourceTree = "<group>"; };
		009E123F242B7D220013EEAB /* GameMacro.h */ = {isa = PBXFileReference; lastKnownFileType = sourcecode.c.h; path = GameMacro.h; sourceTree = "<group>"; };
		009E1241242B80C10013EEAB /* DisplayUtils.h */ = {isa = PBXFileReference; lastKnownFileType = sourcecode.c.h; path = DisplayUtils.h; sourceTree = "<group>"; };
		009E1242242B80C10013EEAB /* DisplayUtils.m */ = {isa = PBXFileReference; lastKnownFileType = sourcecode.c.objc; path = DisplayUtils.m; sourceTree = "<group>"; };
		00B7247A2435984E0062C683 /* fishing_rabbit_img.png */ = {isa = PBXFileReference; lastKnownFileType = image.png; path = fishing_rabbit_img.png; sourceTree = "<group>"; };
		00B7247C243599580062C683 /* GameRabbit.h */ = {isa = PBXFileReference; lastKnownFileType = sourcecode.c.h; path = GameRabbit.h; sourceTree = "<group>"; };
		00B7247D243599580062C683 /* GameRabbit.m */ = {isa = PBXFileReference; lastKnownFileType = sourcecode.c.objc; path = GameRabbit.m; sourceTree = "<group>"; };
		00B7247F2435C21D0062C683 /* GameFishingHook.h */ = {isa = PBXFileReference; lastKnownFileType = sourcecode.c.h; path = GameFishingHook.h; sourceTree = "<group>"; };
		00B724802435C21D0062C683 /* GameFishingHook.m */ = {isa = PBXFileReference; lastKnownFileType = sourcecode.c.objc; path = GameFishingHook.m; sourceTree = "<group>"; };
		00C10DEC242E200D008C0F94 /* GameEntrance.sks */ = {isa = PBXFileReference; lastKnownFileType = file.sks; path = GameEntrance.sks; sourceTree = "<group>"; };
		00C10DF0242E2869008C0F94 /* GameEntrance.h */ = {isa = PBXFileReference; lastKnownFileType = sourcecode.c.h; path = GameEntrance.h; sourceTree = "<group>"; };
		00C10DF1242E2869008C0F94 /* GameEntrance.m */ = {isa = PBXFileReference; lastKnownFileType = sourcecode.c.objc; path = GameEntrance.m; sourceTree = "<group>"; };
/* End PBXFileReference section */

/* Begin PBXFrameworksBuildPhase section */
		0084B48B2424F160008B7B11 /* Frameworks */ = {
			isa = PBXFrameworksBuildPhase;
			buildActionMask = 2147483647;
			files = (
			);
			runOnlyForDeploymentPostprocessing = 0;
		};
		0084B4AA2424F166008B7B11 /* Frameworks */ = {
			isa = PBXFrameworksBuildPhase;
			buildActionMask = 2147483647;
			files = (
			);
			runOnlyForDeploymentPostprocessing = 0;
		};
		0084B4B52424F166008B7B11 /* Frameworks */ = {
			isa = PBXFrameworksBuildPhase;
			buildActionMask = 2147483647;
			files = (
			);
			runOnlyForDeploymentPostprocessing = 0;
		};
/* End PBXFrameworksBuildPhase section */

/* Begin PBXGroup section */
		000C999A24289AC600383265 /* atlas */ = {
			isa = PBXGroup;
			children = (
				000C99C924289B3C00383265 /* fishing_bg.png */,
				000C99CA24289B3C00383265 /* fishing_foreground.png */,
				000C999B24289AC600383265 /* fishing_grass1.png */,
				000C999C24289AC600383265 /* fishing_clock.png */,
				000C999D24289AC600383265 /* fishing_grass3.png */,
				000C999E24289AC600383265 /* fishing_grass2.png */,
				000C999F24289AC600383265 /* fishing_grass6.png */,
				00B7247A2435984E0062C683 /* fishing_rabbit_img.png */,
				000C99A024289AC600383265 /* fishing_grass7.png */,
				000C99A124289AC600383265 /* fishing_grass5.png */,
				000C99A224289AC600383265 /* fishing_grass4.png */,
				000C99A324289AC600383265 /* fishing_panel_bg.png */,
				000C99A424289AC600383265 /* fishing_bg_bottom.png */,
				000C99A524289AC600383265 /* fishing_hock.png */,
				000C99A624289AC600383265 /* fishing_score_star.png */,
				000C99A724289AC600383265 /* fishing_btn_next_up.png */,
				000C99A824289AC600383265 /* fishing_bg_score.png */,
				000C99A924289AC600383265 /* fishing_score_ask.png */,
				000C99AA24289AC600383265 /* fishing_btn_start_up.png */,
				000C99AB24289AC600383265 /* fishing_grass8.png */,
				000C99AC24289AC600383265 /* fishing_fish6.png */,
				000C99AD24289AC600383265 /* fishing_fish4.png */,
				000C99AE24289AC600383265 /* fishing_fish5.png */,
				000C99AF24289AC600383265 /* fishing_fish1.png */,
				000C99B024289AC600383265 /* fishing_fish2.png */,
				000C99B124289AC600383265 /* fishing_fish3.png */,
			);
			path = atlas;
			sourceTree = "<group>";
		};
		000C99CD24289BA300383265 /* rabbit */ = {
			isa = PBXGroup;
			children = (
				000C99CE24289BA300383265 /* fishing_rabbit_h.png */,
				000C99CF24289BA300383265 /* fishing_pole.png */,
				000C99D024289BA300383265 /* fishing_basket.png */,
				000C99D124289BA300383265 /* fishing_rabbit_b.png */,
				000C99D224289BA300383265 /* fishing_rabbit_s.png */,
				000C99D324289BA300383265 /* fishing_rabbit_boat.png */,
				000C99D424289BA300383265 /* fishing_rabbit_f.png */,
			);
			path = rabbit;
			sourceTree = "<group>";
		};
		001EE0DA242C8DDE00CF1B84 /* managers */ = {
			isa = PBXGroup;
			children = (
				001EE0DB242C8E3A00CF1B84 /* TimerManager.h */,
				001EE0DC242C8E3A00CF1B84 /* TimerManager.m */,
			);
			path = managers;
			sourceTree = "<group>";
		};
		0084B4852424F160008B7B11 = {
			isa = PBXGroup;
			children = (
				009E123A242B32160013EEAB /* gameFramework */,
				0084B4902424F160008B7B11 /* fishing */,
				0084B4B02424F166008B7B11 /* fishingTests */,
				0084B4BB2424F166008B7B11 /* fishingUITests */,
				0084B48F2424F160008B7B11 /* Products */,
			);
			sourceTree = "<group>";
		};
		0084B48F2424F160008B7B11 /* Products */ = {
			isa = PBXGroup;
			children = (
				0084B48E2424F160008B7B11 /* fishing.app */,
				0084B4AD2424F166008B7B11 /* fishingTests.xctest */,
				0084B4B82424F166008B7B11 /* fishingUITests.xctest */,
			);
			name = Products;
			sourceTree = "<group>";
		};
		0084B4902424F160008B7B11 /* fishing */ = {
			isa = PBXGroup;
			children = (
				0084B4962424F160008B7B11 /* Actions.sks */,
				0084B4912424F160008B7B11 /* AppDelegate.h */,
				0084B4922424F160008B7B11 /* AppDelegate.m */,
				0084B4A12424F166008B7B11 /* Assets.xcassets */,
				000C999A24289AC600383265 /* atlas */,
				00C10DF0242E2869008C0F94 /* GameEntrance.h */,
				00C10DF1242E2869008C0F94 /* GameEntrance.m */,
				00C10DEC242E200D008C0F94 /* GameEntrance.sks */,
				00B7247F2435C21D0062C683 /* GameFishingHook.h */,
				00B724802435C21D0062C683 /* GameFishingHook.m */,
				0071359024321D1B00B213E3 /* GameFishingIns.h */,
				0071359124321D1B00B213E3 /* GameFishingIns.m */,
				0071359324321D9F00B213E3 /* GameFishingModel.h */,
				0071359424321D9F00B213E3 /* GameFishingModel.m */,
				00B7247C243599580062C683 /* GameRabbit.h */,
				00B7247D243599580062C683 /* GameRabbit.m */,
				0084B4982424F160008B7B11 /* GameScene.h */,
				0084B4992424F160008B7B11 /* GameScene.m */,
				0084B4942424F160008B7B11 /* GameScene.sks */,
				0084B49B2424F160008B7B11 /* GameViewController.h */,
				0084B49C2424F160008B7B11 /* GameViewController.m */,
				0084B4A62424F166008B7B11 /* Info.plist */,
				0084B4A32424F166008B7B11 /* LaunchScreen.storyboard */,
				0084B4A72424F166008B7B11 /* main.m */,
				0084B49E2424F160008B7B11 /* Main.storyboard */,
				000C99CD24289BA300383265 /* rabbit */,
			);
			path = fishing;
			sourceTree = "<group>";
		};
		0084B4B02424F166008B7B11 /* fishingTests */ = {
			isa = PBXGroup;
			children = (
				0084B4B12424F166008B7B11 /* fishingTests.m */,
				0084B4B32424F166008B7B11 /* Info.plist */,
			);
			path = fishingTests;
			sourceTree = "<group>";
		};
		0084B4BB2424F166008B7B11 /* fishingUITests */ = {
			isa = PBXGroup;
			children = (
				0084B4BC2424F166008B7B11 /* fishingUITests.m */,
				0084B4BE2424F166008B7B11 /* Info.plist */,
			);
			path = fishingUITests;
			sourceTree = "<group>";
		};
		009E123A242B32160013EEAB /* gameFramework */ = {
			isa = PBXGroup;
			children = (
				001EE0DA242C8DDE00CF1B84 /* managers */,
				009E1240242B80A40013EEAB /* utils */,
				009E123B242B32350013EEAB /* components */,
				009E123F242B7D220013EEAB /* GameMacro.h */,
			);
			path = gameFramework;
			sourceTree = "<group>";
		};
		009E123B242B32350013EEAB /* components */ = {
			isa = PBXGroup;
			children = (
				009E123C242B325F0013EEAB /* ScrollImage.h */,
				009E123D242B325F0013EEAB /* ScrollImage.m */,
				0071358D2431A46C00B213E3 /* GSimpleButton.h */,
				0071358E2431A46C00B213E3 /* GSimpleButton.m */,
			);
			path = components;
			sourceTree = "<group>";
		};
		009E1240242B80A40013EEAB /* utils */ = {
			isa = PBXGroup;
			children = (
				009E1241242B80C10013EEAB /* DisplayUtils.h */,
				009E1242242B80C10013EEAB /* DisplayUtils.m */,
				00619C46243365A0001F5CF2 /* MathsUtils.h */,
				00619C47243365A0001F5CF2 /* MathsUtils.m */,
			);
			path = utils;
			sourceTree = "<group>";
		};
/* End PBXGroup section */

/* Begin PBXNativeTarget section */
		0084B48D2424F160008B7B11 /* fishing */ = {
			isa = PBXNativeTarget;
			buildConfigurationList = 0084B4C12424F166008B7B11 /* Build configuration list for PBXNativeTarget "fishing" */;
			buildPhases = (
				0084B48A2424F160008B7B11 /* Sources */,
				0084B48B2424F160008B7B11 /* Frameworks */,
				0084B48C2424F160008B7B11 /* Resources */,
			);
			buildRules = (
			);
			dependencies = (
			);
			name = fishing;
			productName = fishing;
			productReference = 0084B48E2424F160008B7B11 /* fishing.app */;
			productType = "com.apple.product-type.application";
		};
		0084B4AC2424F166008B7B11 /* fishingTests */ = {
			isa = PBXNativeTarget;
			buildConfigurationList = 0084B4C42424F166008B7B11 /* Build configuration list for PBXNativeTarget "fishingTests" */;
			buildPhases = (
				0084B4A92424F166008B7B11 /* Sources */,
				0084B4AA2424F166008B7B11 /* Frameworks */,
				0084B4AB2424F166008B7B11 /* Resources */,
			);
			buildRules = (
			);
			dependencies = (
				0084B4AF2424F166008B7B11 /* PBXTargetDependency */,
			);
			name = fishingTests;
			productName = fishingTests;
			productReference = 0084B4AD2424F166008B7B11 /* fishingTests.xctest */;
			productType = "com.apple.product-type.bundle.unit-test";
		};
		0084B4B72424F166008B7B11 /* fishingUITests */ = {
			isa = PBXNativeTarget;
			buildConfigurationList = 0084B4C72424F166008B7B11 /* Build configuration list for PBXNativeTarget "fishingUITests" */;
			buildPhases = (
				0084B4B42424F166008B7B11 /* Sources */,
				0084B4B52424F166008B7B11 /* Frameworks */,
				0084B4B62424F166008B7B11 /* Resources */,
			);
			buildRules = (
			);
			dependencies = (
				0084B4BA2424F166008B7B11 /* PBXTargetDependency */,
			);
			name = fishingUITests;
			productName = fishingUITests;
			productReference = 0084B4B82424F166008B7B11 /* fishingUITests.xctest */;
			productType = "com.apple.product-type.bundle.ui-testing";
		};
/* End PBXNativeTarget section */

/* Begin PBXProject section */
		0084B4862424F160008B7B11 /* Project object */ = {
			isa = PBXProject;
			attributes = {
				LastUpgradeCheck = 1130;
				ORGANIZATIONNAME = MMears;
				TargetAttributes = {
					0084B48D2424F160008B7B11 = {
						CreatedOnToolsVersion = 11.3.1;
					};
					0084B4AC2424F166008B7B11 = {
						CreatedOnToolsVersion = 11.3.1;
						TestTargetID = 0084B48D2424F160008B7B11;
					};
					0084B4B72424F166008B7B11 = {
						CreatedOnToolsVersion = 11.3.1;
						TestTargetID = 0084B48D2424F160008B7B11;
					};
				};
			};
			buildConfigurationList = 0084B4892424F160008B7B11 /* Build configuration list for PBXProject "fishing" */;
			compatibilityVersion = "Xcode 9.3";
			developmentRegion = en;
			hasScannedForEncodings = 0;
			knownRegions = (
				en,
				Base,
			);
			mainGroup = 0084B4852424F160008B7B11;
			productRefGroup = 0084B48F2424F160008B7B11 /* Products */;
			projectDirPath = "";
			projectRoot = "";
			targets = (
				0084B48D2424F160008B7B11 /* fishing */,
				0084B4AC2424F166008B7B11 /* fishingTests */,
				0084B4B72424F166008B7B11 /* fishingUITests */,
			);
		};
/* End PBXProject section */

/* Begin PBXResourcesBuildPhase section */
		0084B48C2424F160008B7B11 /* Resources */ = {
			isa = PBXResourcesBuildPhase;
			buildActionMask = 2147483647;
			files = (
				000C99B624289AC600383265 /* fishing_grass6.png in Resources */,
				000C99C724289AC600383265 /* fishing_fish2.png in Resources */,
				000C99C424289AC600383265 /* fishing_fish4.png in Resources */,
				000C99C024289AC600383265 /* fishing_score_ask.png in Resources */,
				0084B4A02424F160008B7B11 /* Main.storyboard in Resources */,
				000C99CC24289B3C00383265 /* fishing_foreground.png in Resources */,
				000C99BB24289AC600383265 /* fishing_bg_bottom.png in Resources */,
				0084B4952424F160008B7B11 /* GameScene.sks in Resources */,
				000C99C624289AC600383265 /* fishing_fish1.png in Resources */,
				0084B4A22424F166008B7B11 /* Assets.xcassets in Resources */,
				000C99B324289AC600383265 /* fishing_clock.png in Resources */,
				000C99D724289BA300383265 /* fishing_basket.png in Resources */,
				00B7247B2435984E0062C683 /* fishing_rabbit_img.png in Resources */,
				000C99B824289AC600383265 /* fishing_grass5.png in Resources */,
				000C99C124289AC600383265 /* fishing_btn_start_up.png in Resources */,
				000C99BF24289AC600383265 /* fishing_bg_score.png in Resources */,
				000C99BA24289AC600383265 /* fishing_panel_bg.png in Resources */,
				000C99B224289AC600383265 /* fishing_grass1.png in Resources */,
				000C99DB24289BA300383265 /* fishing_rabbit_f.png in Resources */,
				000C99BE24289AC600383265 /* fishing_btn_next_up.png in Resources */,
				000C99C524289AC600383265 /* fishing_fish5.png in Resources */,
				0084B4A52424F166008B7B11 /* LaunchScreen.storyboard in Resources */,
				0084B4972424F160008B7B11 /* Actions.sks in Resources */,
				000C99D824289BA300383265 /* fishing_rabbit_b.png in Resources */,
				000C99C324289AC600383265 /* fishing_fish6.png in Resources */,
				000C99B724289AC600383265 /* fishing_grass7.png in Resources */,
				00C10DED242E200D008C0F94 /* GameEntrance.sks in Resources */,
				000C99B424289AC600383265 /* fishing_grass3.png in Resources */,
				000C99D524289BA300383265 /* fishing_rabbit_h.png in Resources */,
				000C99DA24289BA300383265 /* fishing_rabbit_boat.png in Resources */,
				000C99CB24289B3C00383265 /* fishing_bg.png in Resources */,
				000C99B924289AC600383265 /* fishing_grass4.png in Resources */,
				000C99D924289BA300383265 /* fishing_rabbit_s.png in Resources */,
				000C99D624289BA300383265 /* fishing_pole.png in Resources */,
				000C99B524289AC600383265 /* fishing_grass2.png in Resources */,
				000C99C824289AC600383265 /* fishing_fish3.png in Resources */,
				000C99BC24289AC600383265 /* fishing_hock.png in Resources */,
				000C99C224289AC600383265 /* fishing_grass8.png in Resources */,
				000C99BD24289AC600383265 /* fishing_score_star.png in Resources */,
			);
			runOnlyForDeploymentPostprocessing = 0;
		};
		0084B4AB2424F166008B7B11 /* Resources */ = {
			isa = PBXResourcesBuildPhase;
			buildActionMask = 2147483647;
			files = (
			);
			runOnlyForDeploymentPostprocessing = 0;
		};
		0084B4B62424F166008B7B11 /* Resources */ = {
			isa = PBXResourcesBuildPhase;
			buildActionMask = 2147483647;
			files = (
			);
			runOnlyForDeploymentPostprocessing = 0;
		};
/* End PBXResourcesBuildPhase section */

/* Begin PBXSourcesBuildPhase section */
		0084B48A2424F160008B7B11 /* Sources */ = {
			isa = PBXSourcesBuildPhase;
			buildActionMask = 2147483647;
			files = (
				009E1243242B80C10013EEAB /* DisplayUtils.m in Sources */,
				0084B49A2424F160008B7B11 /* GameScene.m in Sources */,
				001EE0DD242C8E3A00CF1B84 /* TimerManager.m in Sources */,
				0071359224321D1B00B213E3 /* GameFishingIns.m in Sources */,
				00C10DF2242E2869008C0F94 /* GameEntrance.m in Sources */,
				00B724812435C21D0062C683 /* GameFishingHook.m in Sources */,
				0084B49D2424F160008B7B11 /* GameViewController.m in Sources */,
				0071358F2431A46C00B213E3 /* GSimpleButton.m in Sources */,
				00B7247E243599580062C683 /* GameRabbit.m in Sources */,
				0084B4A82424F166008B7B11 /* main.m in Sources */,
				009E123E242B325F0013EEAB /* ScrollImage.m in Sources */,
				00619C48243365A0001F5CF2 /* MathsUtils.m in Sources */,
				0071359524321D9F00B213E3 /* GameFishingModel.m in Sources */,
				0084B4932424F160008B7B11 /* AppDelegate.m in Sources */,
			);
			runOnlyForDeploymentPostprocessing = 0;
		};
		0084B4A92424F166008B7B11 /* Sources */ = {
			isa = PBXSourcesBuildPhase;
			buildActionMask = 2147483647;
			files = (
				0084B4B22424F166008B7B11 /* fishingTests.m in Sources */,
			);
			runOnlyForDeploymentPostprocessing = 0;
		};
		0084B4B42424F166008B7B11 /* Sources */ = {
			isa = PBXSourcesBuildPhase;
			buildActionMask = 2147483647;
			files = (
				0084B4BD2424F166008B7B11 /* fishingUITests.m in Sources */,
			);
			runOnlyForDeploymentPostprocessing = 0;
		};
/* End PBXSourcesBuildPhase section */

/* Begin PBXTargetDependency section */
		0084B4AF2424F166008B7B11 /* PBXTargetDependency */ = {
			isa = PBXTargetDependency;
			target = 0084B48D2424F160008B7B11 /* fishing */;
			targetProxy = 0084B4AE2424F166008B7B11 /* PBXContainerItemProxy */;
		};
		0084B4BA2424F166008B7B11 /* PBXTargetDependency */ = {
			isa = PBXTargetDependency;
			target = 0084B48D2424F160008B7B11 /* fishing */;
			targetProxy = 0084B4B92424F166008B7B11 /* PBXContainerItemProxy */;
		};
/* End PBXTargetDependency section */

/* Begin PBXVariantGroup section */
		0084B49E2424F160008B7B11 /* Main.storyboard */ = {
			isa = PBXVariantGroup;
			children = (
				0084B49F2424F160008B7B11 /* Base */,
			);
			name = Main.storyboard;
			sourceTree = "<group>";
		};
		0084B4A32424F166008B7B11 /* LaunchScreen.storyboard */ = {
			isa = PBXVariantGroup;
			children = (
				0084B4A42424F166008B7B11 /* Base */,
			);
			name = LaunchScreen.storyboard;
			sourceTree = "<group>";
		};
/* End PBXVariantGroup section */

/* Begin XCBuildConfiguration section */
		0084B4BF2424F166008B7B11 /* Debug */ = {
			isa = XCBuildConfiguration;
			buildSettings = {
				ALWAYS_SEARCH_USER_PATHS = NO;
				CLANG_ANALYZER_NONNULL = YES;
				CLANG_ANALYZER_NUMBER_OBJECT_CONVERSION = YES_AGGRESSIVE;
				CLANG_CXX_LANGUAGE_STANDARD = "gnu++14";
				CLANG_CXX_LIBRARY = "libc++";
				CLANG_ENABLE_MODULES = YES;
				CLANG_ENABLE_OBJC_ARC = YES;
				CLANG_ENABLE_OBJC_WEAK = YES;
				CLANG_WARN_BLOCK_CAPTURE_AUTORELEASING = YES;
				CLANG_WARN_BOOL_CONVERSION = YES;
				CLANG_WARN_COMMA = YES;
				CLANG_WARN_CONSTANT_CONVERSION = YES;
				CLANG_WARN_DEPRECATED_OBJC_IMPLEMENTATIONS = YES;
				CLANG_WARN_DIRECT_OBJC_ISA_USAGE = YES_ERROR;
				CLANG_WARN_DOCUMENTATION_COMMENTS = YES;
				CLANG_WARN_EMPTY_BODY = YES;
				CLANG_WARN_ENUM_CONVERSION = YES;
				CLANG_WARN_INFINITE_RECURSION = YES;
				CLANG_WARN_INT_CONVERSION = YES;
				CLANG_WARN_NON_LITERAL_NULL_CONVERSION = YES;
				CLANG_WARN_OBJC_IMPLICIT_RETAIN_SELF = YES;
				CLANG_WARN_OBJC_LITERAL_CONVERSION = YES;
				CLANG_WARN_OBJC_ROOT_CLASS = YES_ERROR;
				CLANG_WARN_RANGE_LOOP_ANALYSIS = YES;
				CLANG_WARN_STRICT_PROTOTYPES = YES;
				CLANG_WARN_SUSPICIOUS_MOVE = YES;
				CLANG_WARN_UNGUARDED_AVAILABILITY = YES_AGGRESSIVE;
				CLANG_WARN_UNREACHABLE_CODE = YES;
				CLANG_WARN__DUPLICATE_METHOD_MATCH = YES;
				COPY_PHASE_STRIP = NO;
				DEBUG_INFORMATION_FORMAT = dwarf;
				ENABLE_STRICT_OBJC_MSGSEND = YES;
				ENABLE_TESTABILITY = YES;
				GCC_C_LANGUAGE_STANDARD = gnu11;
				GCC_DYNAMIC_NO_PIC = NO;
				GCC_NO_COMMON_BLOCKS = YES;
				GCC_OPTIMIZATION_LEVEL = 0;
				GCC_PREPROCESSOR_DEFINITIONS = (
					"DEBUG=1",
					"$(inherited)",
				);
				GCC_WARN_64_TO_32_BIT_CONVERSION = YES;
				GCC_WARN_ABOUT_RETURN_TYPE = YES_ERROR;
				GCC_WARN_UNDECLARED_SELECTOR = YES;
				GCC_WARN_UNINITIALIZED_AUTOS = YES_AGGRESSIVE;
				GCC_WARN_UNUSED_FUNCTION = YES;
				GCC_WARN_UNUSED_VARIABLE = YES;
				IPHONEOS_DEPLOYMENT_TARGET = 12.1;
				MTL_ENABLE_DEBUG_INFO = INCLUDE_SOURCE;
				MTL_FAST_MATH = YES;
				ONLY_ACTIVE_ARCH = YES;
				SDKROOT = iphoneos;
			};
			name = Debug;
		};
		0084B4C02424F166008B7B11 /* Release */ = {
			isa = XCBuildConfiguration;
			buildSettings = {
				ALWAYS_SEARCH_USER_PATHS = NO;
				CLANG_ANALYZER_NONNULL = YES;
				CLANG_ANALYZER_NUMBER_OBJECT_CONVERSION = YES_AGGRESSIVE;
				CLANG_CXX_LANGUAGE_STANDARD = "gnu++14";
				CLANG_CXX_LIBRARY = "libc++";
				CLANG_ENABLE_MODULES = YES;
				CLANG_ENABLE_OBJC_ARC = YES;
				CLANG_ENABLE_OBJC_WEAK = YES;
				CLANG_WARN_BLOCK_CAPTURE_AUTORELEASING = YES;
				CLANG_WARN_BOOL_CONVERSION = YES;
				CLANG_WARN_COMMA = YES;
				CLANG_WARN_CONSTANT_CONVERSION = YES;
				CLANG_WARN_DEPRECATED_OBJC_IMPLEMENTATIONS = YES;
				CLANG_WARN_DIRECT_OBJC_ISA_USAGE = YES_ERROR;
				CLANG_WARN_DOCUMENTATION_COMMENTS = YES;
				CLANG_WARN_EMPTY_BODY = YES;
				CLANG_WARN_ENUM_CONVERSION = YES;
				CLANG_WARN_INFINITE_RECURSION = YES;
				CLANG_WARN_INT_CONVERSION = YES;
				CLANG_WARN_NON_LITERAL_NULL_CONVERSION = YES;
				CLANG_WARN_OBJC_IMPLICIT_RETAIN_SELF = YES;
				CLANG_WARN_OBJC_LITERAL_CONVERSION = YES;
				CLANG_WARN_OBJC_ROOT_CLASS = YES_ERROR;
				CLANG_WARN_RANGE_LOOP_ANALYSIS = YES;
				CLANG_WARN_STRICT_PROTOTYPES = YES;
				CLANG_WARN_SUSPICIOUS_MOVE = YES;
				CLANG_WARN_UNGUARDED_AVAILABILITY = YES_AGGRESSIVE;
				CLANG_WARN_UNREACHABLE_CODE = YES;
				CLANG_WARN__DUPLICATE_METHOD_MATCH = YES;
				COPY_PHASE_STRIP = NO;
				DEBUG_INFORMATION_FORMAT = "dwarf-with-dsym";
				ENABLE_NS_ASSERTIONS = NO;
				ENABLE_STRICT_OBJC_MSGSEND = YES;
				GCC_C_LANGUAGE_STANDARD = gnu11;
				GCC_NO_COMMON_BLOCKS = YES;
				GCC_WARN_64_TO_32_BIT_CONVERSION = YES;
				GCC_WARN_ABOUT_RETURN_TYPE = YES_ERROR;
				GCC_WARN_UNDECLARED_SELECTOR = YES;
				GCC_WARN_UNINITIALIZED_AUTOS = YES_AGGRESSIVE;
				GCC_WARN_UNUSED_FUNCTION = YES;
				GCC_WARN_UNUSED_VARIABLE = YES;
				IPHONEOS_DEPLOYMENT_TARGET = 12.1;
				MTL_ENABLE_DEBUG_INFO = NO;
				MTL_FAST_MATH = YES;
				SDKROOT = iphoneos;
				VALIDATE_PRODUCT = YES;
			};
			name = Release;
		};
		0084B4C22424F166008B7B11 /* Debug */ = {
			isa = XCBuildConfiguration;
			buildSettings = {
				ASSETCATALOG_COMPILER_APPICON_NAME = AppIcon;
				CODE_SIGN_STYLE = Automatic;
				DEVELOPMENT_TEAM = 9G9YD4FH4T;
				INFOPLIST_FILE = fishing/Info.plist;
				IPHONEOS_DEPLOYMENT_TARGET = 11.0;
				LD_RUNPATH_SEARCH_PATHS = (
					"$(inherited)",
					"@executable_path/Frameworks",
				);
				PRODUCT_BUNDLE_IDENTIFIER = com.mmears.fishing;
				PRODUCT_NAME = "$(TARGET_NAME)";
				TARGETED_DEVICE_FAMILY = "1,2";
			};
			name = Debug;
		};
		0084B4C32424F166008B7B11 /* Release */ = {
			isa = XCBuildConfiguration;
			buildSettings = {
				ASSETCATALOG_COMPILER_APPICON_NAME = AppIcon;
				CODE_SIGN_STYLE = Automatic;
				DEVELOPMENT_TEAM = 9G9YD4FH4T;
				INFOPLIST_FILE = fishing/Info.plist;
				IPHONEOS_DEPLOYMENT_TARGET = 11.0;
				LD_RUNPATH_SEARCH_PATHS = (
					"$(inherited)",
					"@executable_path/Frameworks",
				);
				PRODUCT_BUNDLE_IDENTIFIER = com.mmears.fishing;
				PRODUCT_NAME = "$(TARGET_NAME)";
				TARGETED_DEVICE_FAMILY = "1,2";
			};
			name = Release;
		};
		0084B4C52424F166008B7B11 /* Debug */ = {
			isa = XCBuildConfiguration;
			buildSettings = {
				BUNDLE_LOADER = "$(TEST_HOST)";
				CODE_SIGN_STYLE = Automatic;
				DEVELOPMENT_TEAM = 9G9YD4FH4T;
				INFOPLIST_FILE = fishingTests/Info.plist;
				IPHONEOS_DEPLOYMENT_TARGET = 13.2;
				LD_RUNPATH_SEARCH_PATHS = (
					"$(inherited)",
					"@executable_path/Frameworks",
					"@loader_path/Frameworks",
				);
				PRODUCT_BUNDLE_IDENTIFIER = com.mmears.fishingTests;
				PRODUCT_NAME = "$(TARGET_NAME)";
				TARGETED_DEVICE_FAMILY = "1,2";
				TEST_HOST = "$(BUILT_PRODUCTS_DIR)/fishing.app/fishing";
			};
			name = Debug;
		};
		0084B4C62424F166008B7B11 /* Release */ = {
			isa = XCBuildConfiguration;
			buildSettings = {
				BUNDLE_LOADER = "$(TEST_HOST)";
				CODE_SIGN_STYLE = Automatic;
				DEVELOPMENT_TEAM = 9G9YD4FH4T;
				INFOPLIST_FILE = fishingTests/Info.plist;
				IPHONEOS_DEPLOYMENT_TARGET = 13.2;
				LD_RUNPATH_SEARCH_PATHS = (
					"$(inherited)",
					"@executable_path/Frameworks",
					"@loader_path/Frameworks",
				);
				PRODUCT_BUNDLE_IDENTIFIER = com.mmears.fishingTests;
				PRODUCT_NAME = "$(TARGET_NAME)";
				TARGETED_DEVICE_FAMILY = "1,2";
				TEST_HOST = "$(BUILT_PRODUCTS_DIR)/fishing.app/fishing";
			};
			name = Release;
		};
		0084B4C82424F166008B7B11 /* Debug */ = {
			isa = XCBuildConfiguration;
			buildSettings = {
				CODE_SIGN_STYLE = Automatic;
				DEVELOPMENT_TEAM = 9G9YD4FH4T;
				INFOPLIST_FILE = fishingUITests/Info.plist;
				LD_RUNPATH_SEARCH_PATHS = (
					"$(inherited)",
					"@executable_path/Frameworks",
					"@loader_path/Frameworks",
				);
				PRODUCT_BUNDLE_IDENTIFIER = com.mmears.fishingUITests;
				PRODUCT_NAME = "$(TARGET_NAME)";
				TARGETED_DEVICE_FAMILY = "1,2";
				TEST_TARGET_NAME = fishing;
			};
			name = Debug;
		};
		0084B4C92424F166008B7B11 /* Release */ = {
			isa = XCBuildConfiguration;
			buildSettings = {
				CODE_SIGN_STYLE = Automatic;
				DEVELOPMENT_TEAM = 9G9YD4FH4T;
				INFOPLIST_FILE = fishingUITests/Info.plist;
				LD_RUNPATH_SEARCH_PATHS = (
					"$(inherited)",
					"@executable_path/Frameworks",
					"@loader_path/Frameworks",
				);
				PRODUCT_BUNDLE_IDENTIFIER = com.mmears.fishingUITests;
				PRODUCT_NAME = "$(TARGET_NAME)";
				TARGETED_DEVICE_FAMILY = "1,2";
				TEST_TARGET_NAME = fishing;
			};
			name = Release;
		};
/* End XCBuildConfiguration section */

/* Begin XCConfigurationList section */
		0084B4892424F160008B7B11 /* Build configuration list for PBXProject "fishing" */ = {
			isa = XCConfigurationList;
			buildConfigurations = (
				0084B4BF2424F166008B7B11 /* Debug */,
				0084B4C02424F166008B7B11 /* Release */,
			);
			defaultConfigurationIsVisible = 0;
			defaultConfigurationName = Release;
		};
		0084B4C12424F166008B7B11 /* Build configuration list for PBXNativeTarget "fishing" */ = {
			isa = XCConfigurationList;
			buildConfigurations = (
				0084B4C22424F166008B7B11 /* Debug */,
				0084B4C32424F166008B7B11 /* Release */,
			);
			defaultConfigurationIsVisible = 0;
			defaultConfigurationName = Release;
		};
		0084B4C42424F166008B7B11 /* Build configuration list for PBXNativeTarget "fishingTests" */ = {
			isa = XCConfigurationList;
			buildConfigurations = (
				0084B4C52424F166008B7B11 /* Debug */,
				0084B4C62424F166008B7B11 /* Release */,
			);
			defaultConfigurationIsVisible = 0;
			defaultConfigurationName = Release;
		};
		0084B4C72424F166008B7B11 /* Build configuration list for PBXNativeTarget "fishingUITests" */ = {
			isa = XCConfigurationList;
			buildConfigurations = (
				0084B4C82424F166008B7B11 /* Debug */,
				0084B4C92424F166008B7B11 /* Release */,
			);
			defaultConfigurationIsVisible = 0;
			defaultConfigurationName = Release;
		};
/* End XCConfigurationList section */
	};
	rootObject = 0084B4862424F160008B7B11 /* Project object */;
}
